
Microsoft Visual Studio Solution File, Format Version 12.00
# Visual Studio Version 16
VisualStudioVersion = 16.0.32630.194
MinimumVisualStudioVersion = 10.0.40219.1
Project("{8BC9CEB8-8B4A-11D0-8D11-00A0C91BC942}") = "3_栈和队列", "3_栈和队列.vcxproj", "{F72BB22A-995D-4E9A-9A0F-0001BAE567EB}"
EndProject
Global
	GlobalSection(SolutionConfigurationPlatforms) = preSolution
		Debug|x64 = Debug|x64
		Debug|x86 = Debug|x86
		Release|x64 = Release|x64
		Release|x86 = Release|x86
	EndGlobalSection
	GlobalSection(ProjectConfigurationPlatforms) = postSolution
		{F72BB22A-995D-4E9A-9A0F-0001BAE567EB}.Debug|x64.ActiveCfg = Debug|x64
		{F72BB22A-995D-4E9A-9A0F-0001BAE567EB}.Debug|x64.Build.0 = Debug|x64
		{F72BB22A-995D-4E9A-9A0F-0001BAE567EB}.Debug|x86.ActiveCfg = Debug|Win32
		{F72BB22A-995D-4E9A-9A0F-0001BAE567EB}.Debug|x86.Build.0 = Debug|Win32
		{F72BB22A-995D-4E9A-9A0F-0001BAE567EB}.Release|x64.ActiveCfg = Release|x64
		{F72BB22A-995D-4E9A-9A0F-0001BAE567EB}.Release|x64.Build.0 = Release|x64
		{F72BB22A-995D-4E9A-9A0F-0001BAE567EB}.Release|x86.ActiveCfg = Release|Win32
		{F72BB22A-995D-4E9A-9A0F-0001BAE567EB}.Release|x86.Build.0 = Release|Win32
	EndGlobalSection
	GlobalSection(SolutionProperties) = preSolution
		HideSolutionNode = FALSE
	EndGlobalSection
	GlobalSection(ExtensibilityGlobals) = postSolution
		SolutionGuid = {3E41EEAE-2F2B-47CD-B8BC-20F545B00EBD}
	EndGlobalSection
EndGlobal
